
Microsoft Visual Studio Solution File, Format Version 12.00
# Visual Studio Version 17
VisualStudioVersion = 17.9.34616.47
MinimumVisualStudioVersion = 10.0.40219.1
Project("{FAE04EC0-301F-11D3-BF4B-00C04F79EFBC}") = "app.Server", "app.Server\app.Server.csproj", "{C1BB5626-66FF-4895-9ABE-3B95AA28C3CD}"
EndProject
Project("{54A90642-561A-4BB1-A94E-469ADEE60C69}") = "app.client", "app.client\app.client.esproj", "{1D85EF1E-2313-46F8-93DF-ED576778AC37}"
EndProject
Global
	GlobalSection(SolutionConfigurationPlatforms) = preSolution
		Debug|Any CPU = Debug|Any CPU
		Release|Any CPU = Release|Any CPU
	EndGlobalSection
	GlobalSection(ProjectConfigurationPlatforms) = postSolution
		{C1BB5626-66FF-4895-9ABE-3B95AA28C3CD}.Debug|Any CPU.ActiveCfg = Debug|Any CPU
		{C1BB5626-66FF-4895-9ABE-3B95AA28C3CD}.Debug|Any CPU.Build.0 = Debug|Any CPU
		{C1BB5626-66FF-4895-9ABE-3B95AA28C3CD}.Release|Any CPU.ActiveCfg = Release|Any CPU
		{C1BB5626-66FF-4895-9ABE-3B95AA28C3CD}.Release|Any CPU.Build.0 = Release|Any CPU
		{1D85EF1E-2313-46F8-93DF-ED576778AC37}.Debug|Any CPU.ActiveCfg = Debug|Any CPU
		{1D85EF1E-2313-46F8-93DF-ED576778AC37}.Debug|Any CPU.Build.0 = Debug|Any CPU
		{1D85EF1E-2313-46F8-93DF-ED576778AC37}.Debug|Any CPU.Deploy.0 = Debug|Any CPU
		{1D85EF1E-2313-46F8-93DF-ED576778AC37}.Release|Any CPU.ActiveCfg = Release|Any CPU
		{1D85EF1E-2313-46F8-93DF-ED576778AC37}.Release|Any CPU.Build.0 = Release|Any CPU
		{1D85EF1E-2313-46F8-93DF-ED576778AC37}.Release|Any CPU.Deploy.0 = Release|Any CPU
	EndGlobalSection
	GlobalSection(SolutionProperties) = preSolution
		HideSolutionNode = FALSE
	EndGlobalSection
	GlobalSection(ExtensibilityGlobals) = postSolution
		SolutionGuid = {EA17D38B-869F-4097-91BA-67E617B84265}
	EndGlobalSection
EndGlobal
